
Microsoft Visual Studio Solution File, Format Version 12.00
# Visual Studio Version 17
VisualStudioVersion = 17.5.33530.505
MinimumVisualStudioVersion = 10.0.40219.1
Project("{FAE04EC0-301F-11D3-BF4B-00C04F79EFBC}") = "CryptoFile", "CryptoFile\CryptoFile.csproj", "{49374270-0A52-455A-8C77-B0947D9F55FD}"
EndProject
Global
	GlobalSection(SolutionConfigurationPlatforms) = preSolution
		Debug|Any CPU = Debug|Any CPU
		Release|Any CPU = Release|Any CPU
	EndGlobalSection
	GlobalSection(ProjectConfigurationPlatforms) = postSolution
		{49374270-0A52-455A-8C77-B0947D9F55FD}.Debug|Any CPU.ActiveCfg = Debug|Any CPU
		{49374270-0A52-455A-8C77-B0947D9F55FD}.Debug|Any CPU.Build.0 = Debug|Any CPU
		{49374270-0A52-455A-8C77-B0947D9F55FD}.Release|Any CPU.ActiveCfg = Release|Any CPU
		{49374270-0A52-455A-8C77-B0947D9F55FD}.Release|Any CPU.Build.0 = Release|Any CPU
	EndGlobalSection
	GlobalSection(SolutionProperties) = preSolution
		HideSolutionNode = FALSE
	EndGlobalSection
	GlobalSection(ExtensibilityGlobals) = postSolution
		SolutionGuid = {AF378382-DED7-4BBE-B0DF-5D3B2E0A9FBD}
	EndGlobalSection
EndGlobal
